
Microsoft Visual Studio Solution File, Format Version 12.00
# Visual Studio 15
VisualStudioVersion = 15.0.28307.168
MinimumVisualStudioVersion = 10.0.40219.1
Project("{FAE04EC0-301F-11D3-BF4B-00C04F79EFBC}") = "Apolice.API", "Apolice.API\Apolice.API.csproj", "{CA37C412-8C87-49C4-B80D-59ED48FB9C55}"
EndProject
Project("{FAE04EC0-301F-11D3-BF4B-00C04F79EFBC}") = "Apolice.Domain", "Apolice.Domain\Apolice.Domain.csproj", "{C1C5D884-F64A-4412-B763-39165D9621BF}"
EndProject
Project("{FAE04EC0-301F-11D3-BF4B-00C04F79EFBC}") = "Apolice.Infra", "Apolice.Infra\Apolice.Infra.csproj", "{A5C23E77-123C-45DE-8952-0CF819C23AD5}"
EndProject
Project("{FAE04EC0-301F-11D3-BF4B-00C04F79EFBC}") = "Apolice.IoC", "Apolice.IoC\Apolice.IoC.csproj", "{C0B9C410-E409-4598-A947-7A51CDECFDB5}"
EndProject
Global
	GlobalSection(SolutionConfigurationPlatforms) = preSolution
		Debug|Any CPU = Debug|Any CPU
		Release|Any CPU = Release|Any CPU
	EndGlobalSection
	GlobalSection(ProjectConfigurationPlatforms) = postSolution
		{CA37C412-8C87-49C4-B80D-59ED48FB9C55}.Debug|Any CPU.ActiveCfg = Debug|Any CPU
		{CA37C412-8C87-49C4-B80D-59ED48FB9C55}.Debug|Any CPU.Build.0 = Debug|Any CPU
		{CA37C412-8C87-49C4-B80D-59ED48FB9C55}.Release|Any CPU.ActiveCfg = Release|Any CPU
		{CA37C412-8C87-49C4-B80D-59ED48FB9C55}.Release|Any CPU.Build.0 = Release|Any CPU
		{C1C5D884-F64A-4412-B763-39165D9621BF}.Debug|Any CPU.ActiveCfg = Debug|Any CPU
		{C1C5D884-F64A-4412-B763-39165D9621BF}.Debug|Any CPU.Build.0 = Debug|Any CPU
		{C1C5D884-F64A-4412-B763-39165D9621BF}.Release|Any CPU.ActiveCfg = Release|Any CPU
		{C1C5D884-F64A-4412-B763-39165D9621BF}.Release|Any CPU.Build.0 = Release|Any CPU
		{A5C23E77-123C-45DE-8952-0CF819C23AD5}.Debug|Any CPU.ActiveCfg = Debug|Any CPU
		{A5C23E77-123C-45DE-8952-0CF819C23AD5}.Debug|Any CPU.Build.0 = Debug|Any CPU
		{A5C23E77-123C-45DE-8952-0CF819C23AD5}.Release|Any CPU.ActiveCfg = Release|Any CPU
		{A5C23E77-123C-45DE-8952-0CF819C23AD5}.Release|Any CPU.Build.0 = Release|Any CPU
		{C0B9C410-E409-4598-A947-7A51CDECFDB5}.Debug|Any CPU.ActiveCfg = Debug|Any CPU
		{C0B9C410-E409-4598-A947-7A51CDECFDB5}.Debug|Any CPU.Build.0 = Debug|Any CPU
		{C0B9C410-E409-4598-A947-7A51CDECFDB5}.Release|Any CPU.ActiveCfg = Release|Any CPU
		{C0B9C410-E409-4598-A947-7A51CDECFDB5}.Release|Any CPU.Build.0 = Release|Any CPU
	EndGlobalSection
	GlobalSection(SolutionProperties) = preSolution
		HideSolutionNode = FALSE
	EndGlobalSection
	GlobalSection(ExtensibilityGlobals) = postSolution
		SolutionGuid = {E76DB994-4503-4ACA-A919-FDBD2FB3C7DF}
	EndGlobalSection
EndGlobal
